
Microsoft Visual Studio Solution File, Format Version 12.00
# Visual Studio Version 17
VisualStudioVersion = 17.1.32421.90
MinimumVisualStudioVersion = 10.0.40219.1
Project("{FAE04EC0-301F-11D3-BF4B-00C04F79EFBC}") = "ComputerAnalyzer", "ComputerAnalyzer\ComputerAnalyzer.csproj", "{9EFD9703-50A2-4397-9DE1-A247CDD50B1E}"
EndProject
Global
	GlobalSection(SolutionConfigurationPlatforms) = preSolution
		Debug|Any CPU = Debug|Any CPU
		Release|Any CPU = Release|Any CPU
	EndGlobalSection
	GlobalSection(ProjectConfigurationPlatforms) = postSolution
		{9EFD9703-50A2-4397-9DE1-A247CDD50B1E}.Debug|Any CPU.ActiveCfg = Debug|Any CPU
		{9EFD9703-50A2-4397-9DE1-A247CDD50B1E}.Debug|Any CPU.Build.0 = Debug|Any CPU
		{9EFD9703-50A2-4397-9DE1-A247CDD50B1E}.Release|Any CPU.ActiveCfg = Release|Any CPU
		{9EFD9703-50A2-4397-9DE1-A247CDD50B1E}.Release|Any CPU.Build.0 = Release|Any CPU
	EndGlobalSection
	GlobalSection(SolutionProperties) = preSolution
		HideSolutionNode = FALSE
	EndGlobalSection
	GlobalSection(ExtensibilityGlobals) = postSolution
		SolutionGuid = {63F76AA8-D7B9-4F15-9C0C-754485B7FD3B}
	EndGlobalSection
EndGlobal
